// !$*UTF8*$!
{
	archiveVersion = 1;
	classes = {
	};
	objectVersion = 55;
	objects = {

/* Begin PBXBuildFile section */
		DA278BA228747A070077956C /* FirebaseAnalytics in Frameworks */ = {isa = PBXBuildFile; productRef = DA278BA128747A070077956C /* FirebaseAnalytics */; };
		DA278BA428747A070077956C /* FirebaseAuth in Frameworks */ = {isa = PBXBuildFile; productRef = DA278BA328747A070077956C /* FirebaseAuth */; };
		DA278BA628747A070077956C /* FirebaseFirestore in Frameworks */ = {isa = PBXBuildFile; productRef = DA278BA528747A070077956C /* FirebaseFirestore */; };
		DA278BA828747CC30077956C /* GoogleService-Info.plist in Resources */ = {isa = PBXBuildFile; fileRef = DA278BA728747CC20077956C /* GoogleService-Info.plist */; };
		DA278BAA287480930077956C /* RegistrationView.swift in Sources */ = {isa = PBXBuildFile; fileRef = DA278BA9287480930077956C /* RegistrationView.swift */; };
		DA278BAC2874F8F90077956C /* SignOnView.swift in Sources */ = {isa = PBXBuildFile; fileRef = DA278BAB2874F8F90077956C /* SignOnView.swift */; };
		DA6E862C287284B300094C87 /* IMSApp.swift in Sources */ = {isa = PBXBuildFile; fileRef = DA6E862B287284B300094C87 /* IMSApp.swift */; };
		DA6E862E287284B300094C87 /* ContentView.swift in Sources */ = {isa = PBXBuildFile; fileRef = DA6E862D287284B300094C87 /* ContentView.swift */; };
		DA6E8630287284B300094C87 /* Assets.xcassets in Resources */ = {isa = PBXBuildFile; fileRef = DA6E862F287284B300094C87 /* Assets.xcassets */; };
		DA6E8633287284B300094C87 /* Preview Assets.xcassets in Resources */ = {isa = PBXBuildFile; fileRef = DA6E8632287284B300094C87 /* Preview Assets.xcassets */; };
		DA8E2759287478C400C3186D /* FirebaseAnalytics in Frameworks */ = {isa = PBXBuildFile; productRef = DA8E2758287478C400C3186D /* FirebaseAnalytics */; };
		DA8E275B287478C400C3186D /* FirebaseAuth in Frameworks */ = {isa = PBXBuildFile; productRef = DA8E275A287478C400C3186D /* FirebaseAuth */; };
		DA8E275D287478C400C3186D /* FirebaseFirestore in Frameworks */ = {isa = PBXBuildFile; productRef = DA8E275C287478C400C3186D /* FirebaseFirestore */; };
		DAB484B128B9075900317369 /* DeviceDetailView.swift in Sources */ = {isa = PBXBuildFile; fileRef = DAB484B028B9075900317369 /* DeviceDetailView.swift */; };
		DACDD312287301CA005B083B /* AddDeviceView.swift in Sources */ = {isa = PBXBuildFile; fileRef = DACDD311287301CA005B083B /* AddDeviceView.swift */; };
		DACDD31628730206005B083B /* CheckoutDeviceView.swift in Sources */ = {isa = PBXBuildFile; fileRef = DACDD31528730206005B083B /* CheckoutDeviceView.swift */; };
		DACDD35928731C51005B083B /* FirebaseAnalytics in Frameworks */ = {isa = PBXBuildFile; productRef = DACDD35828731C51005B083B /* FirebaseAnalytics */; };
		DACDD35B28731C51005B083B /* FirebaseFirestore in Frameworks */ = {isa = PBXBuildFile; productRef = DACDD35A28731C51005B083B /* FirebaseFirestore */; };
		DACDD35E2873E2C4005B083B /* FirebaseFirestore in Frameworks */ = {isa = PBXBuildFile; productRef = DACDD35D2873E2C4005B083B /* FirebaseFirestore */; };
		DACDD36428745E4D005B083B /* Device.swift in Sources */ = {isa = PBXBuildFile; fileRef = DACDD36328745E4D005B083B /* Device.swift */; };
		DACDD3672874623E005B083B /* DevicesViewModel.swift in Sources */ = {isa = PBXBuildFile; fileRef = DACDD3662874623E005B083B /* DevicesViewModel.swift */; };
/* End PBXBuildFile section */

/* Begin PBXFileReference section */
		DA278BA728747CC20077956C /* GoogleService-Info.plist */ = {isa = PBXFileReference; fileEncoding = 4; lastKnownFileType = text.plist.xml; path = "GoogleService-Info.plist"; sourceTree = "<group>"; };
		DA278BA9287480930077956C /* RegistrationView.swift */ = {isa = PBXFileReference; lastKnownFileType = sourcecode.swift; path = RegistrationView.swift; sourceTree = "<group>"; };
		DA278BAB2874F8F90077956C /* SignOnView.swift */ = {isa = PBXFileReference; lastKnownFileType = sourcecode.swift; path = SignOnView.swift; sourceTree = "<group>"; };
		DA6E8628287284B300094C87 /* IMS.app */ = {isa = PBXFileReference; explicitFileType = wrapper.application; includeInIndex = 0; path = IMS.app; sourceTree = BUILT_PRODUCTS_DIR; };
		DA6E862B287284B300094C87 /* IMSApp.swift */ = {isa = PBXFileReference; lastKnownFileType = sourcecode.swift; path = IMSApp.swift; sourceTree = "<group>"; };
		DA6E862D287284B300094C87 /* ContentView.swift */ = {isa = PBXFileReference; lastKnownFileType = sourcecode.swift; path = ContentView.swift; sourceTree = "<group>"; };
		DA6E862F287284B300094C87 /* Assets.xcassets */ = {isa = PBXFileReference; lastKnownFileType = folder.assetcatalog; path = Assets.xcassets; sourceTree = "<group>"; };
		DA6E8632287284B300094C87 /* Preview Assets.xcassets */ = {isa = PBXFileReference; lastKnownFileType = folder.assetcatalog; path = "Preview Assets.xcassets"; sourceTree = "<group>"; };
		DAB484B028B9075900317369 /* DeviceDetailView.swift */ = {isa = PBXFileReference; lastKnownFileType = sourcecode.swift; path = DeviceDetailView.swift; sourceTree = "<group>"; };
		DACDD311287301CA005B083B /* AddDeviceView.swift */ = {isa = PBXFileReference; lastKnownFileType = sourcecode.swift; path = AddDeviceView.swift; sourceTree = "<group>"; };
		DACDD31528730206005B083B /* CheckoutDeviceView.swift */ = {isa = PBXFileReference; lastKnownFileType = sourcecode.swift; path = CheckoutDeviceView.swift; sourceTree = "<group>"; };
		DACDD36328745E4D005B083B /* Device.swift */ = {isa = PBXFileReference; lastKnownFileType = sourcecode.swift; path = Device.swift; sourceTree = "<group>"; };
		DACDD3662874623E005B083B /* DevicesViewModel.swift */ = {isa = PBXFileReference; lastKnownFileType = sourcecode.swift; path = DevicesViewModel.swift; sourceTree = "<group>"; };
/* End PBXFileReference section */

/* Begin PBXFrameworksBuildPhase section */
		DA6E8625287284B300094C87 /* Frameworks */ = {
			isa = PBXFrameworksBuildPhase;
			buildActionMask = 2147483647;
			files = (
				DA278BA228747A070077956C /* FirebaseAnalytics in Frameworks */,
				DACDD35928731C51005B083B /* FirebaseAnalytics in Frameworks */,
				DA8E275B287478C400C3186D /* FirebaseAuth in Frameworks */,
				DACDD35B28731C51005B083B /* FirebaseFirestore in Frameworks */,
				DA8E2759287478C400C3186D /* FirebaseAnalytics in Frameworks */,
				DA278BA628747A070077956C /* FirebaseFirestore in Frameworks */,
				DACDD35E2873E2C4005B083B /* FirebaseFirestore in Frameworks */,
				DA8E275D287478C400C3186D /* FirebaseFirestore in Frameworks */,
				DA278BA428747A070077956C /* FirebaseAuth in Frameworks */,
			);
			runOnlyForDeploymentPostprocessing = 0;
		};
/* End PBXFrameworksBuildPhase section */

/* Begin PBXGroup section */
		DA6E861F287284B300094C87 = {
			isa = PBXGroup;
			children = (
				DA6E862A287284B300094C87 /* IMS */,
				DA278BA728747CC20077956C /* GoogleService-Info.plist */,
				DA6E8629287284B300094C87 /* Products */,
			);
			sourceTree = "<group>";
		};
		DA6E8629287284B300094C87 /* Products */ = {
			isa = PBXGroup;
			children = (
				DA6E8628287284B300094C87 /* IMS.app */,
			);
			name = Products;
			sourceTree = "<group>";
		};
		DA6E862A287284B300094C87 /* IMS */ = {
			isa = PBXGroup;
			children = (
				DA6E862B287284B300094C87 /* IMSApp.swift */,
				DACDD36228745E15005B083B /* FirebaseAuth */,
				DACDD3652874620B005B083B /* ViewModels */,
				DACDD36128745DFB005B083B /* Models */,
				DACDD31028730155005B083B /* Views */,
				DA6E862F287284B300094C87 /* Assets.xcassets */,
				DA6E8631287284B300094C87 /* Preview Content */,
			);
			path = IMS;
			sourceTree = "<group>";
		};
		DA6E8631287284B300094C87 /* Preview Content */ = {
			isa = PBXGroup;
			children = (
				DA6E8632287284B300094C87 /* Preview Assets.xcassets */,
			);
			path = "Preview Content";
			sourceTree = "<group>";
		};
		DACDD31028730155005B083B /* Views */ = {
			isa = PBXGroup;
			children = (
				DA6E862D287284B300094C87 /* ContentView.swift */,
				DACDD311287301CA005B083B /* AddDeviceView.swift */,
				DACDD31528730206005B083B /* CheckoutDeviceView.swift */,
				DA278BA9287480930077956C /* RegistrationView.swift */,
				DA278BAB2874F8F90077956C /* SignOnView.swift */,
				DAB484B028B9075900317369 /* DeviceDetailView.swift */,
			);
			path = Views;
			sourceTree = "<group>";
		};
		DACDD36128745DFB005B083B /* Models */ = {
			isa = PBXGroup;
			children = (
				DACDD36328745E4D005B083B /* Device.swift */,
			);
			path = Models;
			sourceTree = "<group>";
		};
		DACDD36228745E15005B083B /* FirebaseAuth */ = {
			isa = PBXGroup;
			children = (
			);
			path = FirebaseAuth;
			sourceTree = "<group>";
		};
		DACDD3652874620B005B083B /* ViewModels */ = {
			isa = PBXGroup;
			children = (
				DACDD3662874623E005B083B /* DevicesViewModel.swift */,
			);
			path = ViewModels;
			sourceTree = "<group>";
		};
/* End PBXGroup section */

/* Begin PBXNativeTarget section */
		DA6E8627287284B300094C87 /* IMS */ = {
			isa = PBXNativeTarget;
			buildConfigurationList = DA6E8636287284B300094C87 /* Build configuration list for PBXNativeTarget "IMS" */;
			buildPhases = (
				DA6E8624287284B300094C87 /* Sources */,
				DA6E8625287284B300094C87 /* Frameworks */,
				DA6E8626287284B300094C87 /* Resources */,
			);
			buildRules = (
			);
			dependencies = (
			);
			name = IMS;
			packageProductDependencies = (
				DACDD35828731C51005B083B /* FirebaseAnalytics */,
				DACDD35A28731C51005B083B /* FirebaseFirestore */,
				DACDD35D2873E2C4005B083B /* FirebaseFirestore */,
				DA8E2758287478C400C3186D /* FirebaseAnalytics */,
				DA8E275A287478C400C3186D /* FirebaseAuth */,
				DA8E275C287478C400C3186D /* FirebaseFirestore */,
				DA278BA128747A070077956C /* FirebaseAnalytics */,
				DA278BA328747A070077956C /* FirebaseAuth */,
				DA278BA528747A070077956C /* FirebaseFirestore */,
			);
			productName = IMS;
			productReference = DA6E8628287284B300094C87 /* IMS.app */;
			productType = "com.apple.product-type.application";
		};
/* End PBXNativeTarget section */

/* Begin PBXProject section */
		DA6E8620287284B300094C87 /* Project object */ = {
			isa = PBXProject;
			attributes = {
				BuildIndependentTargetsInParallel = 1;
				LastSwiftUpdateCheck = 1340;
				LastUpgradeCheck = 1340;
				TargetAttributes = {
					DA6E8627287284B300094C87 = {
						CreatedOnToolsVersion = 13.4.1;
					};
				};
			};
			buildConfigurationList = DA6E8623287284B300094C87 /* Build configuration list for PBXProject "IMS" */;
			compatibilityVersion = "Xcode 13.0";
			developmentRegion = en;
			hasScannedForEncodings = 0;
			knownRegions = (
				en,
				Base,
			);
			mainGroup = DA6E861F287284B300094C87;
			packageReferences = (
				DACDD35728731C51005B083B /* XCRemoteSwiftPackageReference "firebase-ios-sdk" */,
				DACDD35C2873E2C4005B083B /* XCRemoteSwiftPackageReference "firebase-ios-sdk" */,
				DA8E2757287478C400C3186D /* XCRemoteSwiftPackageReference "firebase-ios-sdk" */,
				DA278BA028747A060077956C /* XCRemoteSwiftPackageReference "firebase-ios-sdk" */,
			);
			productRefGroup = DA6E8629287284B300094C87 /* Products */;
			projectDirPath = "";
			projectRoot = "";
			targets = (
				DA6E8627287284B300094C87 /* IMS */,
			);
		};
/* End PBXProject section */

/* Begin PBXResourcesBuildPhase section */
		DA6E8626287284B300094C87 /* Resources */ = {
			isa = PBXResourcesBuildPhase;
			buildActionMask = 2147483647;
			files = (
				DA278BA828747CC30077956C /* GoogleService-Info.plist in Resources */,
				DA6E8633287284B300094C87 /* Preview Assets.xcassets in Resources */,
				DA6E8630287284B300094C87 /* Assets.xcassets in Resources */,
			);
			runOnlyForDeploymentPostprocessing = 0;
		};
/* End PBXResourcesBuildPhase section */

/* Begin PBXSourcesBuildPhase section */
		DA6E8624287284B300094C87 /* Sources */ = {
			isa = PBXSourcesBuildPhase;
			buildActionMask = 2147483647;
			files = (
				DACDD3672874623E005B083B /* DevicesViewModel.swift in Sources */,
				DAB484B128B9075900317369 /* DeviceDetailView.swift in Sources */,
				DA278BAC2874F8F90077956C /* SignOnView.swift in Sources */,
				DACDD312287301CA005B083B /* AddDeviceView.swift in Sources */,
				DACDD31628730206005B083B /* CheckoutDeviceView.swift in Sources */,
				DA6E862E287284B300094C87 /* ContentView.swift in Sources */,
				DACDD36428745E4D005B083B /* Device.swift in Sources */,
				DA6E862C287284B300094C87 /* IMSApp.swift in Sources */,
				DA278BAA287480930077956C /* RegistrationView.swift in Sources */,
			);
			runOnlyForDeploymentPostprocessing = 0;
		};
/* End PBXSourcesBuildPhase section */

/* Begin XCBuildConfiguration section */
		DA6E8634287284B300094C87 /* Debug */ = {
			isa = XCBuildConfiguration;
			buildSettings = {
				ALWAYS_SEARCH_USER_PATHS = NO;
				CLANG_ANALYZER_NONNULL = YES;
				CLANG_ANALYZER_NUMBER_OBJECT_CONVERSION = YES_AGGRESSIVE;
				CLANG_CXX_LANGUAGE_STANDARD = "gnu++17";
				CLANG_ENABLE_MODULES = YES;
				CLANG_ENABLE_OBJC_ARC = YES;
				CLANG_ENABLE_OBJC_WEAK = YES;
				CLANG_WARN_BLOCK_CAPTURE_AUTORELEASING = YES;
				CLANG_WARN_BOOL_CONVERSION = YES;
				CLANG_WARN_COMMA = YES;
				CLANG_WARN_CONSTANT_CONVERSION = YES;
				CLANG_WARN_DEPRECATED_OBJC_IMPLEMENTATIONS = YES;
				CLANG_WARN_DIRECT_OBJC_ISA_USAGE = YES_ERROR;
				CLANG_WARN_DOCUMENTATION_COMMENTS = YES;
				CLANG_WARN_EMPTY_BODY = YES;
				CLANG_WARN_ENUM_CONVERSION = YES;
				CLANG_WARN_INFINITE_RECURSION = YES;
				CLANG_WARN_INT_CONVERSION = YES;
				CLANG_WARN_NON_LITERAL_NULL_CONVERSION = YES;
				CLANG_WARN_OBJC_IMPLICIT_RETAIN_SELF = YES;
				CLANG_WARN_OBJC_LITERAL_CONVERSION = YES;
				CLANG_WARN_OBJC_ROOT_CLASS = YES_ERROR;
				CLANG_WARN_QUOTED_INCLUDE_IN_FRAMEWORK_HEADER = YES;
				CLANG_WARN_RANGE_LOOP_ANALYSIS = YES;
				CLANG_WARN_STRICT_PROTOTYPES = YES;
				CLANG_WARN_SUSPICIOUS_MOVE = YES;
				CLANG_WARN_UNGUARDED_AVAILABILITY = YES_AGGRESSIVE;
				CLANG_WARN_UNREACHABLE_CODE = YES;
				CLANG_WARN__DUPLICATE_METHOD_MATCH = YES;
				COPY_PHASE_STRIP = NO;
				DEBUG_INFORMATION_FORMAT = dwarf;
				ENABLE_STRICT_OBJC_MSGSEND = YES;
				ENABLE_TESTABILITY = YES;
				GCC_C_LANGUAGE_STANDARD = gnu11;
				GCC_DYNAMIC_NO_PIC = NO;
				GCC_NO_COMMON_BLOCKS = YES;
				GCC_OPTIMIZATION_LEVEL = 0;
				GCC_PREPROCESSOR_DEFINITIONS = (
					"DEBUG=1",
					"$(inherited)",
				);
				GCC_WARN_64_TO_32_BIT_CONVERSION = YES;
				GCC_WARN_ABOUT_RETURN_TYPE = YES_ERROR;
				GCC_WARN_UNDECLARED_SELECTOR = YES;
				GCC_WARN_UNINITIALIZED_AUTOS = YES_AGGRESSIVE;
				GCC_WARN_UNUSED_FUNCTION = YES;
				GCC_WARN_UNUSED_VARIABLE = YES;
				IPHONEOS_DEPLOYMENT_TARGET = 15.5;
				MTL_ENABLE_DEBUG_INFO = INCLUDE_SOURCE;
				MTL_FAST_MATH = YES;
				ONLY_ACTIVE_ARCH = YES;
				SDKROOT = iphoneos;
				SWIFT_ACTIVE_COMPILATION_CONDITIONS = DEBUG;
				SWIFT_OPTIMIZATION_LEVEL = "-Onone";
			};
			name = Debug;
		};
		DA6E8635287284B300094C87 /* Release */ = {
			isa = XCBuildConfiguration;
			buildSettings = {
				ALWAYS_SEARCH_USER_PATHS = NO;
				CLANG_ANALYZER_NONNULL = YES;
				CLANG_ANALYZER_NUMBER_OBJECT_CONVERSION = YES_AGGRESSIVE;
				CLANG_CXX_LANGUAGE_STANDARD = "gnu++17";
				CLANG_ENABLE_MODULES = YES;
				CLANG_ENABLE_OBJC_ARC = YES;
				CLANG_ENABLE_OBJC_WEAK = YES;
				CLANG_WARN_BLOCK_CAPTURE_AUTORELEASING = YES;
				CLANG_WARN_BOOL_CONVERSION = YES;
				CLANG_WARN_COMMA = YES;
				CLANG_WARN_CONSTANT_CONVERSION = YES;
				CLANG_WARN_DEPRECATED_OBJC_IMPLEMENTATIONS = YES;
				CLANG_WARN_DIRECT_OBJC_ISA_USAGE = YES_ERROR;
				CLANG_WARN_DOCUMENTATION_COMMENTS = YES;
				CLANG_WARN_EMPTY_BODY = YES;
				CLANG_WARN_ENUM_CONVERSION = YES;
				CLANG_WARN_INFINITE_RECURSION = YES;
				CLANG_WARN_INT_CONVERSION = YES;
				CLANG_WARN_NON_LITERAL_NULL_CONVERSION = YES;
				CLANG_WARN_OBJC_IMPLICIT_RETAIN_SELF = YES;
				CLANG_WARN_OBJC_LITERAL_CONVERSION = YES;
				CLANG_WARN_OBJC_ROOT_CLASS = YES_ERROR;
				CLANG_WARN_QUOTED_INCLUDE_IN_FRAMEWORK_HEADER = YES;
				CLANG_WARN_RANGE_LOOP_ANALYSIS = YES;
				CLANG_WARN_STRICT_PROTOTYPES = YES;
				CLANG_WARN_SUSPICIOUS_MOVE = YES;
				CLANG_WARN_UNGUARDED_AVAILABILITY = YES_AGGRESSIVE;
				CLANG_WARN_UNREACHABLE_CODE = YES;
				CLANG_WARN__DUPLICATE_METHOD_MATCH = YES;
				COPY_PHASE_STRIP = NO;
				DEBUG_INFORMATION_FORMAT = "dwarf-with-dsym";
				ENABLE_NS_ASSERTIONS = NO;
				ENABLE_STRICT_OBJC_MSGSEND = YES;
				GCC_C_LANGUAGE_STANDARD = gnu11;
				GCC_NO_COMMON_BLOCKS = YES;
				GCC_WARN_64_TO_32_BIT_CONVERSION = YES;
				GCC_WARN_ABOUT_RETURN_TYPE = YES_ERROR;
				GCC_WARN_UNDECLARED_SELECTOR = YES;
				GCC_WARN_UNINITIALIZED_AUTOS = YES_AGGRESSIVE;
				GCC_WARN_UNUSED_FUNCTION = YES;
				GCC_WARN_UNUSED_VARIABLE = YES;
				IPHONEOS_DEPLOYMENT_TARGET = 15.5;
				MTL_ENABLE_DEBUG_INFO = NO;
				MTL_FAST_MATH = YES;
				SDKROOT = iphoneos;
				SWIFT_COMPILATION_MODE = wholemodule;
				SWIFT_OPTIMIZATION_LEVEL = "-O";
				VALIDATE_PRODUCT = YES;
			};
			name = Release;
		};
		DA6E8637287284B300094C87 /* Debug */ = {
			isa = XCBuildConfiguration;
			buildSettings = {
				ASSETCATALOG_COMPILER_APPICON_NAME = AppIcon;
				ASSETCATALOG_COMPILER_GLOBAL_ACCENT_COLOR_NAME = AccentColor;
				CODE_SIGN_STYLE = Automatic;
				CURRENT_PROJECT_VERSION = 1;
				DEVELOPMENT_ASSET_PATHS = "\"IMS/Preview Content\"";
				DEVELOPMENT_TEAM = ZFK2N7G4G9;
				ENABLE_PREVIEWS = YES;
				GENERATE_INFOPLIST_FILE = YES;
				INFOPLIST_KEY_UIApplicationSceneManifest_Generation = YES;
				INFOPLIST_KEY_UIApplicationSupportsIndirectInputEvents = YES;
				INFOPLIST_KEY_UILaunchScreen_Generation = YES;
				INFOPLIST_KEY_UISupportedInterfaceOrientations = "";
				INFOPLIST_KEY_UISupportedInterfaceOrientations_iPad = "UIInterfaceOrientationPortrait UIInterfaceOrientationPortraitUpsideDown UIInterfaceOrientationLandscapeLeft UIInterfaceOrientationLandscapeRight";
				INFOPLIST_KEY_UISupportedInterfaceOrientations_iPhone = "UIInterfaceOrientationPortrait UIInterfaceOrientationLandscapeLeft UIInterfaceOrientationLandscapeRight";
				IPHONEOS_DEPLOYMENT_TARGET = 15.5;
				LD_RUNPATH_SEARCH_PATHS = (
					"$(inherited)",
					"@executable_path/Frameworks",
				);
				MARKETING_VERSION = 1.0;
				PRODUCT_BUNDLE_IDENTIFIER = com.IsaiahMcNealy.IMS;
				PRODUCT_NAME = "$(TARGET_NAME)";
				SWIFT_EMIT_LOC_STRINGS = YES;
				SWIFT_VERSION = 5.0;
				TARGETED_DEVICE_FAMILY = "1,2";
			};
			name = Debug;
		};
		DA6E8638287284B300094C87 /* Release */ = {
			isa = XCBuildConfiguration;
			buildSettings = {
				ASSETCATALOG_COMPILER_APPICON_NAME = AppIcon;
				ASSETCATALOG_COMPILER_GLOBAL_ACCENT_COLOR_NAME = AccentColor;
				CODE_SIGN_STYLE = Automatic;
				CURRENT_PROJECT_VERSION = 1;
				DEVELOPMENT_ASSET_PATHS = "\"IMS/Preview Content\"";
				DEVELOPMENT_TEAM = ZFK2N7G4G9;
				ENABLE_PREVIEWS = YES;
				GENERATE_INFOPLIST_FILE = YES;
				INFOPLIST_KEY_UIApplicationSceneManifest_Generation = YES;
				INFOPLIST_KEY_UIApplicationSupportsIndirectInputEvents = YES;
				INFOPLIST_KEY_UILaunchScreen_Generation = YES;
				INFOPLIST_KEY_UISupportedInterfaceOrientations = "";
				INFOPLIST_KEY_UISupportedInterfaceOrientations_iPad = "UIInterfaceOrientationPortrait UIInterfaceOrientationPortraitUpsideDown UIInterfaceOrientationLandscapeLeft UIInterfaceOrientationLandscapeRight";
				INFOPLIST_KEY_UISupportedInterfaceOrientations_iPhone = "UIInterfaceOrientationPortrait UIInterfaceOrientationLandscapeLeft UIInterfaceOrientationLandscapeRight";
				IPHONEOS_DEPLOYMENT_TARGET = 15.5;
				LD_RUNPATH_SEARCH_PATHS = (
					"$(inherited)",
					"@executable_path/Frameworks",
				);
				MARKETING_VERSION = 1.0;
				PRODUCT_BUNDLE_IDENTIFIER = com.IsaiahMcNealy.IMS;
				PRODUCT_NAME = "$(TARGET_NAME)";
				SWIFT_EMIT_LOC_STRINGS = YES;
				SWIFT_VERSION = 5.0;
				TARGETED_DEVICE_FAMILY = "1,2";
			};
			name = Release;
		};
/* End XCBuildConfiguration section */

/* Begin XCConfigurationList section */
		DA6E8623287284B300094C87 /* Build configuration list for PBXProject "IMS" */ = {
			isa = XCConfigurationList;
			buildConfigurations = (
				DA6E8634287284B300094C87 /* Debug */,
				DA6E8635287284B300094C87 /* Release */,
			);
			defaultConfigurationIsVisible = 0;
			defaultConfigurationName = Release;
		};
		DA6E8636287284B300094C87 /* Build configuration list for PBXNativeTarget "IMS" */ = {
			isa = XCConfigurationList;
			buildConfigurations = (
				DA6E8637287284B300094C87 /* Debug */,
				DA6E8638287284B300094C87 /* Release */,
			);
			defaultConfigurationIsVisible = 0;
			defaultConfigurationName = Release;
		};
/* End XCConfigurationList section */

/* Begin XCRemoteSwiftPackageReference section */
		DA278BA028747A060077956C /* XCRemoteSwiftPackageReference "firebase-ios-sdk" */ = {
			isa = XCRemoteSwiftPackageReference;
			repositoryURL = "https://github.com/firebase/firebase-ios-sdk";
			requirement = {
				branch = master;
				kind = branch;
			};
		};
		DA8E2757287478C400C3186D /* XCRemoteSwiftPackageReference "firebase-ios-sdk" */ = {
			isa = XCRemoteSwiftPackageReference;
			repositoryURL = "https://github.com/firebase/firebase-ios-sdk";
			requirement = {
				kind = upToNextMajorVersion;
				minimumVersion = 9.0.0;
			};
		};
		DACDD35728731C51005B083B /* XCRemoteSwiftPackageReference "firebase-ios-sdk" */ = {
			isa = XCRemoteSwiftPackageReference;
			repositoryURL = "https://github.com/firebase/firebase-ios-sdk";
			requirement = {
				branch = master;
				kind = branch;
			};
		};
		DACDD35C2873E2C4005B083B /* XCRemoteSwiftPackageReference "firebase-ios-sdk" */ = {
			isa = XCRemoteSwiftPackageReference;
			repositoryURL = "https://github.com/firebase/firebase-ios-sdk";
			requirement = {
				branch = master;
				kind = branch;
			};
		};
/* End XCRemoteSwiftPackageReference section */

/* Begin XCSwiftPackageProductDependency section */
		DA278BA128747A070077956C /* FirebaseAnalytics */ = {
			isa = XCSwiftPackageProductDependency;
			package = DACDD35728731C51005B083B /* XCRemoteSwiftPackageReference "firebase-ios-sdk" */;
			productName = FirebaseAnalytics;
		};
		DA278BA328747A070077956C /* FirebaseAuth */ = {
			isa = XCSwiftPackageProductDependency;
			package = DACDD35728731C51005B083B /* XCRemoteSwiftPackageReference "firebase-ios-sdk" */;
			productName = FirebaseAuth;
		};
		DA278BA528747A070077956C /* FirebaseFirestore */ = {
			isa = XCSwiftPackageProductDependency;
			package = DACDD35728731C51005B083B /* XCRemoteSwiftPackageReference "firebase-ios-sdk" */;
			productName = FirebaseFirestore;
		};
		DA8E2758287478C400C3186D /* FirebaseAnalytics */ = {
			isa = XCSwiftPackageProductDependency;
			package = DA8E2757287478C400C3186D /* XCRemoteSwiftPackageReference "firebase-ios-sdk" */;
			productName = FirebaseAnalytics;
		};
		DA8E275A287478C400C3186D /* FirebaseAuth */ = {
			isa = XCSwiftPackageProductDependency;
			package = DA8E2757287478C400C3186D /* XCRemoteSwiftPackageReference "firebase-ios-sdk" */;
			productName = FirebaseAuth;
		};
		DA8E275C287478C400C3186D /* FirebaseFirestore */ = {
			isa = XCSwiftPackageProductDependency;
			package = DA8E2757287478C400C3186D /* XCRemoteSwiftPackageReference "firebase-ios-sdk" */;
			productName = FirebaseFirestore;
		};
		DACDD35828731C51005B083B /* FirebaseAnalytics */ = {
			isa = XCSwiftPackageProductDependency;
			package = DACDD35728731C51005B083B /* XCRemoteSwiftPackageReference "firebase-ios-sdk" */;
			productName = FirebaseAnalytics;
		};
		DACDD35A28731C51005B083B /* FirebaseFirestore */ = {
			isa = XCSwiftPackageProductDependency;
			package = DACDD35728731C51005B083B /* XCRemoteSwiftPackageReference "firebase-ios-sdk" */;
			productName = FirebaseFirestore;
		};
		DACDD35D2873E2C4005B083B /* FirebaseFirestore */ = {
			isa = XCSwiftPackageProductDependency;
			package = DACDD35728731C51005B083B /* XCRemoteSwiftPackageReference "firebase-ios-sdk" */;
			productName = FirebaseFirestore;
		};
/* End XCSwiftPackageProductDependency section */
	};
	rootObject = DA6E8620287284B300094C87 /* Project object */;
}
